
Microsoft Visual Studio Solution File, Format Version 12.00
# Visual Studio Version 17
VisualStudioVersion = 17.8.34309.116
MinimumVisualStudioVersion = 10.0.40219.1
Project("{FAE04EC0-301F-11D3-BF4B-00C04F79EFBC}") = "BMI_CALCULATOR.Server", "BMI_CALCULATOR.Server\BMI_CALCULATOR.Server.csproj", "{6A6C5F49-3AC0-46EB-8F9F-2E2FE21E9C74}"
EndProject
Project("{54A90642-561A-4BB1-A94E-469ADEE60C69}") = "bmi_calculator.client", "bmi_calculator.client\bmi_calculator.client.esproj", "{4BC3E3F2-F6A7-4A59-974B-DAB306F1D87D}"
EndProject
Global
	GlobalSection(SolutionConfigurationPlatforms) = preSolution
		Debug|Any CPU = Debug|Any CPU
		Release|Any CPU = Release|Any CPU
	EndGlobalSection
	GlobalSection(ProjectConfigurationPlatforms) = postSolution
		{6A6C5F49-3AC0-46EB-8F9F-2E2FE21E9C74}.Debug|Any CPU.ActiveCfg = Debug|Any CPU
		{6A6C5F49-3AC0-46EB-8F9F-2E2FE21E9C74}.Debug|Any CPU.Build.0 = Debug|Any CPU
		{6A6C5F49-3AC0-46EB-8F9F-2E2FE21E9C74}.Release|Any CPU.ActiveCfg = Release|Any CPU
		{6A6C5F49-3AC0-46EB-8F9F-2E2FE21E9C74}.Release|Any CPU.Build.0 = Release|Any CPU
		{4BC3E3F2-F6A7-4A59-974B-DAB306F1D87D}.Debug|Any CPU.ActiveCfg = Debug|Any CPU
		{4BC3E3F2-F6A7-4A59-974B-DAB306F1D87D}.Debug|Any CPU.Build.0 = Debug|Any CPU
		{4BC3E3F2-F6A7-4A59-974B-DAB306F1D87D}.Debug|Any CPU.Deploy.0 = Debug|Any CPU
		{4BC3E3F2-F6A7-4A59-974B-DAB306F1D87D}.Release|Any CPU.ActiveCfg = Release|Any CPU
		{4BC3E3F2-F6A7-4A59-974B-DAB306F1D87D}.Release|Any CPU.Build.0 = Release|Any CPU
		{4BC3E3F2-F6A7-4A59-974B-DAB306F1D87D}.Release|Any CPU.Deploy.0 = Release|Any CPU
	EndGlobalSection
	GlobalSection(SolutionProperties) = preSolution
		HideSolutionNode = FALSE
	EndGlobalSection
	GlobalSection(ExtensibilityGlobals) = postSolution
		SolutionGuid = {5C59C569-F06A-467D-9B66-E6DBD566C7A9}
	EndGlobalSection
EndGlobal
